
Microsoft Visual Studio Solution File, Format Version 12.00
# Visual Studio Version 17
VisualStudioVersion = 17.2.32630.192
MinimumVisualStudioVersion = 10.0.40219.1
Project("{FAE04EC0-301F-11D3-BF4B-00C04F79EFBC}") = "DentaEquip", "DentaEquip\DentaEquip.csproj", "{4364FDB3-4CCA-4550-ABCE-149F376D55C2}"
EndProject
Project("{FAE04EC0-301F-11D3-BF4B-00C04F79EFBC}") = "DentaEquip.DAL", "DentaEquip.DAL\DentaEquip.DAL.csproj", "{EF1AFF52-E059-46EB-8376-FED9AB8F60B2}"
EndProject
Project("{FAE04EC0-301F-11D3-BF4B-00C04F79EFBC}") = "DentaEquip.BL", "DentaEquip.BL\DentaEquip.BL.csproj", "{479E3E67-80DE-4F26-877E-E5D1BFE8E188}"
EndProject
Global
	GlobalSection(SolutionConfigurationPlatforms) = preSolution
		Debug|Any CPU = Debug|Any CPU
		Release|Any CPU = Release|Any CPU
	EndGlobalSection
	GlobalSection(ProjectConfigurationPlatforms) = postSolution
		{4364FDB3-4CCA-4550-ABCE-149F376D55C2}.Debug|Any CPU.ActiveCfg = Debug|Any CPU
		{4364FDB3-4CCA-4550-ABCE-149F376D55C2}.Debug|Any CPU.Build.0 = Debug|Any CPU
		{4364FDB3-4CCA-4550-ABCE-149F376D55C2}.Release|Any CPU.ActiveCfg = Release|Any CPU
		{4364FDB3-4CCA-4550-ABCE-149F376D55C2}.Release|Any CPU.Build.0 = Release|Any CPU
		{EF1AFF52-E059-46EB-8376-FED9AB8F60B2}.Debug|Any CPU.ActiveCfg = Debug|Any CPU
		{EF1AFF52-E059-46EB-8376-FED9AB8F60B2}.Debug|Any CPU.Build.0 = Debug|Any CPU
		{EF1AFF52-E059-46EB-8376-FED9AB8F60B2}.Release|Any CPU.ActiveCfg = Release|Any CPU
		{EF1AFF52-E059-46EB-8376-FED9AB8F60B2}.Release|Any CPU.Build.0 = Release|Any CPU
		{479E3E67-80DE-4F26-877E-E5D1BFE8E188}.Debug|Any CPU.ActiveCfg = Debug|Any CPU
		{479E3E67-80DE-4F26-877E-E5D1BFE8E188}.Debug|Any CPU.Build.0 = Debug|Any CPU
		{479E3E67-80DE-4F26-877E-E5D1BFE8E188}.Release|Any CPU.ActiveCfg = Release|Any CPU
		{479E3E67-80DE-4F26-877E-E5D1BFE8E188}.Release|Any CPU.Build.0 = Release|Any CPU
	EndGlobalSection
	GlobalSection(SolutionProperties) = preSolution
		HideSolutionNode = FALSE
	EndGlobalSection
	GlobalSection(ExtensibilityGlobals) = postSolution
		SolutionGuid = {426D6D28-EEF7-4F96-9B54-568A7569437C}
	EndGlobalSection
EndGlobal
